dependencies:
  espressif/esp_ot_cli_extension:
    component_hash: d200aec3ece6b69eceeb007244244ed664987f9150cedaaf982a3c943f823fab
    dependencies:
    - name: espressif/iperf
      registry_url: https://components.espressif.com
      require: private
      version: ^0.1.0
    - name: idf
      require: private
      version: '>=5.0'
    source:
      registry_url: https://components.espressif.com/
      type: service
    version: 1.2.6
  espressif/iperf:
    component_hash: d2612130967a5384fe517cc41c27bae8cf71a16a91df98a3610b48e6888ec359
    dependencies:
    - name: idf
      require: private
      version: '>=4.3'
    source:
      registry_url: https://components.espressif.com
      type: service
    version: 0.1.3
  espressif/led_strip:
    component_hash: 28c6509a727ef74925b372ed404772aeedf11cce10b78c3f69b3c66799095e2d
    dependencies:
    - name: idf
      require: private
      version: '>=4.4'
    source:
      registry_url: https://components.espressif.com/
      type: service
    version: 2.5.5
  idf:
    source:
      type: idf
    version: 5.4.2
  ot_led:
    dependencies:
    - name: espressif/led_strip
      version: ^2.4.1
    source:
      path: C:\Users\JacobFulcher\esp\v5.4.2\esp-idf\examples\openthread\ot_common_components\ot_led
      type: local
    version: '*'
direct_dependencies:
- espressif/esp_ot_cli_extension
- espressif/led_strip
- idf
- ot_led
manifest_hash: 03c3da13d78a7d3620b4aaa603845ec1557edd38b2f8902e88b36c7048fa89db
target: esp32c6
version: 2.0.0
